# This file is automatically @generated by Cargo.
# It is not intended for manual editing.
version = 3

[[package]]
name = "brack"
version = "0.1.0"

[[package]]
name = "brack-codegen"
version = "0.1.0"

[[package]]
name = "brack-expander"
version = "0.1.0"

[[package]]
name = "brack-language-server"
version = "0.1.0"

[[package]]
name = "brack-parser"
version = "0.1.0"

[[package]]
name = "brack-tokenizer"
version = "0.1.0"
